
Microsoft Visual Studio Solution File, Format Version 12.00
# Visual Studio Version 17
VisualStudioVersion = 17.6.33829.357
MinimumVisualStudioVersion = 10.0.40219.1
Project("{FAE04EC0-301F-11D3-BF4B-00C04F79EFBC}") = "LeisureReviews", "LeisureReviews\LeisureReviews.csproj", "{88F4410F-57AD-4CC5-BA6B-AE65E5CEEA43}"
EndProject
Global
	GlobalSection(SolutionConfigurationPlatforms) = preSolution
		Debug|Any CPU = Debug|Any CPU
		Release|Any CPU = Release|Any CPU
	EndGlobalSection
	GlobalSection(ProjectConfigurationPlatforms) = postSolution
		{88F4410F-57AD-4CC5-BA6B-AE65E5CEEA43}.Debug|Any CPU.ActiveCfg = Debug|Any CPU
		{88F4410F-57AD-4CC5-BA6B-AE65E5CEEA43}.Debug|Any CPU.Build.0 = Debug|Any CPU
		{88F4410F-57AD-4CC5-BA6B-AE65E5CEEA43}.Release|Any CPU.ActiveCfg = Release|Any CPU
		{88F4410F-57AD-4CC5-BA6B-AE65E5CEEA43}.Release|Any CPU.Build.0 = Release|Any CPU
	EndGlobalSection
	GlobalSection(SolutionProperties) = preSolution
		HideSolutionNode = FALSE
	EndGlobalSection
	GlobalSection(ExtensibilityGlobals) = postSolution
		SolutionGuid = {F51373B3-B949-4F64-BB20-DAABA99F1DDE}
	EndGlobalSection
EndGlobal
